
Microsoft Visual Studio Solution File, Format Version 12.00
# Visual Studio Version 17
VisualStudioVersion = 17.8.34309.116
MinimumVisualStudioVersion = 10.0.40219.1
Project("{FAE04EC0-301F-11D3-BF4B-00C04F79EFBC}") = "ChimaeraUnlimited", "ChimaeraUnlimited.csproj", "{A5840008-5223-487E-91A1-16A259251776}"
EndProject
Global
	GlobalSection(SolutionConfigurationPlatforms) = preSolution
		Debug|Any CPU = Debug|Any CPU
		Release|Any CPU = Release|Any CPU
	EndGlobalSection
	GlobalSection(ProjectConfigurationPlatforms) = postSolution
		{A5840008-5223-487E-91A1-16A259251776}.Debug|Any CPU.ActiveCfg = Debug|Any CPU
		{A5840008-5223-487E-91A1-16A259251776}.Debug|Any CPU.Build.0 = Debug|Any CPU
		{A5840008-5223-487E-91A1-16A259251776}.Release|Any CPU.ActiveCfg = Release|Any CPU
		{A5840008-5223-487E-91A1-16A259251776}.Release|Any CPU.Build.0 = Release|Any CPU
	EndGlobalSection
	GlobalSection(SolutionProperties) = preSolution
		HideSolutionNode = FALSE
	EndGlobalSection
	GlobalSection(ExtensibilityGlobals) = postSolution
		SolutionGuid = {90FF9241-AA1A-443B-9AC3-4CE23022CB93}
	EndGlobalSection
EndGlobal
