
Microsoft Visual Studio Solution File, Format Version 12.00
# Visual Studio Version 17
VisualStudioVersion = 17.8.34309.116
MinimumVisualStudioVersion = 10.0.40219.1
Project("{FAE04EC0-301F-11D3-BF4B-00C04F79EFBC}") = "ChimaeraUnlimitedWin", "ChimaeraUnlimitedWin\ChimaeraUnlimitedWin.csproj", "{7F2F86C2-8F7B-445D-9B41-C0DB37EE589E}"
EndProject
Project("{FAE04EC0-301F-11D3-BF4B-00C04F79EFBC}") = "ChimaeraUnlimitedClI", "ChimaeraUnlimitedClI\ChimaeraUnlimitedClI.csproj", "{F3BD8FDA-9968-40DC-839D-C369BA2E6A9D}"
EndProject
Project("{FAE04EC0-301F-11D3-BF4B-00C04F79EFBC}") = "CardManagement", "CardManagement\CardManagement.csproj", "{F79428CD-87C1-49B0-B010-85F48844ED16}"
EndProject
Global
	GlobalSection(SolutionConfigurationPlatforms) = preSolution
		Debug|Any CPU = Debug|Any CPU
		Release|Any CPU = Release|Any CPU
	EndGlobalSection
	GlobalSection(ProjectConfigurationPlatforms) = postSolution
		{7F2F86C2-8F7B-445D-9B41-C0DB37EE589E}.Debug|Any CPU.ActiveCfg = Debug|Any CPU
		{7F2F86C2-8F7B-445D-9B41-C0DB37EE589E}.Debug|Any CPU.Build.0 = Debug|Any CPU
		{7F2F86C2-8F7B-445D-9B41-C0DB37EE589E}.Release|Any CPU.ActiveCfg = Release|Any CPU
		{7F2F86C2-8F7B-445D-9B41-C0DB37EE589E}.Release|Any CPU.Build.0 = Release|Any CPU
		{F3BD8FDA-9968-40DC-839D-C369BA2E6A9D}.Debug|Any CPU.ActiveCfg = Debug|Any CPU
		{F3BD8FDA-9968-40DC-839D-C369BA2E6A9D}.Debug|Any CPU.Build.0 = Debug|Any CPU
		{F3BD8FDA-9968-40DC-839D-C369BA2E6A9D}.Release|Any CPU.ActiveCfg = Release|Any CPU
		{F3BD8FDA-9968-40DC-839D-C369BA2E6A9D}.Release|Any CPU.Build.0 = Release|Any CPU
		{F79428CD-87C1-49B0-B010-85F48844ED16}.Debug|Any CPU.ActiveCfg = Debug|Any CPU
		{F79428CD-87C1-49B0-B010-85F48844ED16}.Debug|Any CPU.Build.0 = Debug|Any CPU
		{F79428CD-87C1-49B0-B010-85F48844ED16}.Release|Any CPU.ActiveCfg = Release|Any CPU
		{F79428CD-87C1-49B0-B010-85F48844ED16}.Release|Any CPU.Build.0 = Release|Any CPU
	EndGlobalSection
	GlobalSection(SolutionProperties) = preSolution
		HideSolutionNode = FALSE
	EndGlobalSection
	GlobalSection(ExtensibilityGlobals) = postSolution
		SolutionGuid = {90FF9241-AA1A-443B-9AC3-4CE23022CB93}
	EndGlobalSection
EndGlobal
